
Microsoft Visual Studio Solution File, Format Version 12.00
# Visual Studio Version 16
VisualStudioVersion = 16.0.29806.167
MinimumVisualStudioVersion = 10.0.40219.1
Project("{FAE04EC0-301F-11D3-BF4B-00C04F79EFBC}") = "Dotnet.Formview.ControlUtilities", "Dotnet.Formview.ControlUtilities\Dotnet.Formview.ControlUtilities.csproj", "{5A09D51B-2623-4ECC-A611-A542F63050BF}"
EndProject
Project("{2150E333-8FDC-42A3-9474-1A3956D46DE8}") = "Solution Items", "Solution Items", "{6257CDF1-F825-4F3D-9B0B-356DD14DB8FF}"
	ProjectSection(SolutionItems) = preProject
		.editorconfig = .editorconfig
		README.md = README.md
	EndProjectSection
EndProject
Project("{FAE04EC0-301F-11D3-BF4B-00C04F79EFBC}") = "Dotnet.Formview.ControlUtilities.Test", "Dotnet.Formview.ControlUtilities.Test\Dotnet.Formview.ControlUtilities.Test.csproj", "{D171ED10-8F6D-41B0-8917-2AADE7936FA1}"
EndProject
Global
	GlobalSection(SolutionConfigurationPlatforms) = preSolution
		Debug|Any CPU = Debug|Any CPU
		Release|Any CPU = Release|Any CPU
	EndGlobalSection
	GlobalSection(ProjectConfigurationPlatforms) = postSolution
		{5A09D51B-2623-4ECC-A611-A542F63050BF}.Debug|Any CPU.ActiveCfg = Debug|Any CPU
		{5A09D51B-2623-4ECC-A611-A542F63050BF}.Debug|Any CPU.Build.0 = Debug|Any CPU
		{5A09D51B-2623-4ECC-A611-A542F63050BF}.Release|Any CPU.ActiveCfg = Release|Any CPU
		{5A09D51B-2623-4ECC-A611-A542F63050BF}.Release|Any CPU.Build.0 = Release|Any CPU
		{D171ED10-8F6D-41B0-8917-2AADE7936FA1}.Debug|Any CPU.ActiveCfg = Debug|Any CPU
		{D171ED10-8F6D-41B0-8917-2AADE7936FA1}.Debug|Any CPU.Build.0 = Debug|Any CPU
		{D171ED10-8F6D-41B0-8917-2AADE7936FA1}.Release|Any CPU.ActiveCfg = Release|Any CPU
		{D171ED10-8F6D-41B0-8917-2AADE7936FA1}.Release|Any CPU.Build.0 = Release|Any CPU
	EndGlobalSection
	GlobalSection(SolutionProperties) = preSolution
		HideSolutionNode = FALSE
	EndGlobalSection
	GlobalSection(ExtensibilityGlobals) = postSolution
		SolutionGuid = {01CFB866-5A81-4DEE-AF92-2042ED7841ED}
	EndGlobalSection
EndGlobal
